
Microsoft Visual Studio Solution File, Format Version 11.00
# Visual Studio 2010
Project("{FAE04EC0-301F-11D3-BF4B-00C04F79EFBC}") = "Assembly-CSharp", "Assembly-CSharp.csproj", "{557F6E09-E177-D86A-93A9-E43FD7CE103C}"
EndProject
Global
	GlobalSection(SolutionConfigurationPlatforms) = preSolution
		Debug|Any CPU = Debug|Any CPU
		Release|Any CPU = Release|Any CPU
	EndGlobalSection
	GlobalSection(ProjectConfigurationPlatforms) = postSolution
		{557F6E09-E177-D86A-93A9-E43FD7CE103C}.Debug|Any CPU.ActiveCfg = Debug|Any CPU
		{557F6E09-E177-D86A-93A9-E43FD7CE103C}.Debug|Any CPU.Build.0 = Debug|Any CPU
		{557F6E09-E177-D86A-93A9-E43FD7CE103C}.Release|Any CPU.ActiveCfg = Release|Any CPU
		{557F6E09-E177-D86A-93A9-E43FD7CE103C}.Release|Any CPU.Build.0 = Release|Any CPU
	EndGlobalSection
	GlobalSection(SolutionProperties) = preSolution
		HideSolutionNode = FALSE
	EndGlobalSection
	GlobalSection(MonoDevelopProperties) = preSolution
		StartupItem = Assembly-CSharp.csproj
	EndGlobalSection
EndGlobal
